
Microsoft Visual Studio Solution File, Format Version 12.00
# Visual Studio 15
VisualStudioVersion = 15.0.28307.438
MinimumVisualStudioVersion = 10.0.40219.1
Project("{FAE04EC0-301F-11D3-BF4B-00C04F79EFBC}") = "CoreCode.Web.UI", "CoreCode.Web.UI\CoreCode.Web.UI.csproj", "{9E338D6E-418B-4F60-BF27-C6D6D470D947}"
EndProject
Project("{FAE04EC0-301F-11D3-BF4B-00C04F79EFBC}") = "CoreCode.API", "CoreCodeAPI\CoreCode.API.csproj", "{2F19F26D-E534-4BA6-888A-BAF412F34ADA}"
EndProject
Project("{2150E333-8FDC-42A3-9474-1A3956D46DE8}") = "4_WebUI", "4_WebUI", "{BA412851-9F46-4592-A0B0-AE27957352D0}"
EndProject
Project("{2150E333-8FDC-42A3-9474-1A3956D46DE8}") = "3_WebAPI", "3_WebAPI", "{640BE809-AE43-46F3-B76B-0FA216BA8760}"
EndProject
Project("{2150E333-8FDC-42A3-9474-1A3956D46DE8}") = "2_Exceptions", "2_Exceptions", "{2E938C1A-769C-4DAA-95AC-D27A18016F1B}"
EndProject
Project("{2150E333-8FDC-42A3-9474-1A3956D46DE8}") = "1_DataAccess", "1_DataAccess", "{58452B89-7E0C-4A77-AB3C-D41476F4E31E}"
EndProject
Project("{FAE04EC0-301F-11D3-BF4B-00C04F79EFBC}") = "CoreCode.API.Core", "CoreCode.API.Core\CoreCode.API.Core.csproj", "{5FF5E653-84B7-4FD4-BFB7-79A99AA4DE3E}"
EndProject
Project("{FAE04EC0-301F-11D3-BF4B-00C04F79EFBC}") = "CoreCode.DataAccess", "CoreCode.DataAccess\CoreCode.DataAccess.csproj", "{D44392DD-27A5-4ACD-AAE2-1648E19EE00A}"
EndProject
Project("{FAE04EC0-301F-11D3-BF4B-00C04F79EFBC}") = "CoreCode.Entities.POJO", "CoreCode.Entities.POJO\CoreCode.Entities.POJO.csproj", "{FFFA892C-32FF-43D6-9664-866AFCD45922}"
EndProject
Project("{FAE04EC0-301F-11D3-BF4B-00C04F79EFBC}") = "CoreCode.Exceptions", "CoreCode.Exceptions\CoreCode.Exceptions.csproj", "{47C89C39-FDFF-4F5F-BF76-3ADE5B96C220}"
EndProject
Global
	GlobalSection(SolutionConfigurationPlatforms) = preSolution
		Debug|Any CPU = Debug|Any CPU
		Release|Any CPU = Release|Any CPU
	EndGlobalSection
	GlobalSection(ProjectConfigurationPlatforms) = postSolution
		{9E338D6E-418B-4F60-BF27-C6D6D470D947}.Debug|Any CPU.ActiveCfg = Debug|Any CPU
		{9E338D6E-418B-4F60-BF27-C6D6D470D947}.Debug|Any CPU.Build.0 = Debug|Any CPU
		{9E338D6E-418B-4F60-BF27-C6D6D470D947}.Release|Any CPU.ActiveCfg = Release|Any CPU
		{9E338D6E-418B-4F60-BF27-C6D6D470D947}.Release|Any CPU.Build.0 = Release|Any CPU
		{2F19F26D-E534-4BA6-888A-BAF412F34ADA}.Debug|Any CPU.ActiveCfg = Debug|Any CPU
		{2F19F26D-E534-4BA6-888A-BAF412F34ADA}.Debug|Any CPU.Build.0 = Debug|Any CPU
		{2F19F26D-E534-4BA6-888A-BAF412F34ADA}.Release|Any CPU.ActiveCfg = Release|Any CPU
		{2F19F26D-E534-4BA6-888A-BAF412F34ADA}.Release|Any CPU.Build.0 = Release|Any CPU
		{5FF5E653-84B7-4FD4-BFB7-79A99AA4DE3E}.Debug|Any CPU.ActiveCfg = Debug|Any CPU
		{5FF5E653-84B7-4FD4-BFB7-79A99AA4DE3E}.Debug|Any CPU.Build.0 = Debug|Any CPU
		{5FF5E653-84B7-4FD4-BFB7-79A99AA4DE3E}.Release|Any CPU.ActiveCfg = Release|Any CPU
		{5FF5E653-84B7-4FD4-BFB7-79A99AA4DE3E}.Release|Any CPU.Build.0 = Release|Any CPU
		{D44392DD-27A5-4ACD-AAE2-1648E19EE00A}.Debug|Any CPU.ActiveCfg = Debug|Any CPU
		{D44392DD-27A5-4ACD-AAE2-1648E19EE00A}.Debug|Any CPU.Build.0 = Debug|Any CPU
		{D44392DD-27A5-4ACD-AAE2-1648E19EE00A}.Release|Any CPU.ActiveCfg = Release|Any CPU
		{D44392DD-27A5-4ACD-AAE2-1648E19EE00A}.Release|Any CPU.Build.0 = Release|Any CPU
		{FFFA892C-32FF-43D6-9664-866AFCD45922}.Debug|Any CPU.ActiveCfg = Debug|Any CPU
		{FFFA892C-32FF-43D6-9664-866AFCD45922}.Debug|Any CPU.Build.0 = Debug|Any CPU
		{FFFA892C-32FF-43D6-9664-866AFCD45922}.Release|Any CPU.ActiveCfg = Release|Any CPU
		{FFFA892C-32FF-43D6-9664-866AFCD45922}.Release|Any CPU.Build.0 = Release|Any CPU
		{47C89C39-FDFF-4F5F-BF76-3ADE5B96C220}.Debug|Any CPU.ActiveCfg = Debug|Any CPU
		{47C89C39-FDFF-4F5F-BF76-3ADE5B96C220}.Debug|Any CPU.Build.0 = Debug|Any CPU
		{47C89C39-FDFF-4F5F-BF76-3ADE5B96C220}.Release|Any CPU.ActiveCfg = Release|Any CPU
		{47C89C39-FDFF-4F5F-BF76-3ADE5B96C220}.Release|Any CPU.Build.0 = Release|Any CPU
	EndGlobalSection
	GlobalSection(SolutionProperties) = preSolution
		HideSolutionNode = FALSE
	EndGlobalSection
	GlobalSection(NestedProjects) = preSolution
		{9E338D6E-418B-4F60-BF27-C6D6D470D947} = {BA412851-9F46-4592-A0B0-AE27957352D0}
		{2F19F26D-E534-4BA6-888A-BAF412F34ADA} = {640BE809-AE43-46F3-B76B-0FA216BA8760}
		{5FF5E653-84B7-4FD4-BFB7-79A99AA4DE3E} = {640BE809-AE43-46F3-B76B-0FA216BA8760}
		{D44392DD-27A5-4ACD-AAE2-1648E19EE00A} = {58452B89-7E0C-4A77-AB3C-D41476F4E31E}
		{FFFA892C-32FF-43D6-9664-866AFCD45922} = {58452B89-7E0C-4A77-AB3C-D41476F4E31E}
		{47C89C39-FDFF-4F5F-BF76-3ADE5B96C220} = {2E938C1A-769C-4DAA-95AC-D27A18016F1B}
	EndGlobalSection
	GlobalSection(ExtensibilityGlobals) = postSolution
		SolutionGuid = {A22A963B-EC4A-44A4-8003-875F4B91A1F6}
	EndGlobalSection
EndGlobal
